
Microsoft Visual Studio Solution File, Format Version 12.00
# Visual Studio Version 17
VisualStudioVersion = 17.10.35013.160
MinimumVisualStudioVersion = 10.0.40219.1
Project("{FAE04EC0-301F-11D3-BF4B-00C04F79EFBC}") = "SanayideDijitalTeknolijiler_net8.0", "SanayideDijitalTeknolijiler_net8.0\SanayideDijitalTeknolijiler_net8.0.csproj", "{88E44BB7-7E34-42C5-8965-14121A25A2C3}"
EndProject
Global
	GlobalSection(SolutionConfigurationPlatforms) = preSolution
		Debug|Any CPU = Debug|Any CPU
		Release|Any CPU = Release|Any CPU
	EndGlobalSection
	GlobalSection(ProjectConfigurationPlatforms) = postSolution
		{88E44BB7-7E34-42C5-8965-14121A25A2C3}.Debug|Any CPU.ActiveCfg = Debug|Any CPU
		{88E44BB7-7E34-42C5-8965-14121A25A2C3}.Debug|Any CPU.Build.0 = Debug|Any CPU
		{88E44BB7-7E34-42C5-8965-14121A25A2C3}.Release|Any CPU.ActiveCfg = Release|Any CPU
		{88E44BB7-7E34-42C5-8965-14121A25A2C3}.Release|Any CPU.Build.0 = Release|Any CPU
	EndGlobalSection
	GlobalSection(SolutionProperties) = preSolution
		HideSolutionNode = FALSE
	EndGlobalSection
	GlobalSection(ExtensibilityGlobals) = postSolution
		SolutionGuid = {FB130FB6-AE6A-4B95-AE3E-58FDB2134093}
	EndGlobalSection
EndGlobal
